
Microsoft Visual Studio Solution File, Format Version 12.00
# Visual Studio 15
Project("{FAE04EC0-301F-11D3-BF4B-00C04F79EFBC}") = "UnityEngine.TestRunner", "UnityEngine.TestRunner.csproj", "{76CC7763-3A93-DF9A-BF14-C324C86D01A6}"
EndProject
Project("{FAE04EC0-301F-11D3-BF4B-00C04F79EFBC}") = "UnityEngine.UI", "UnityEngine.UI.csproj", "{5E40BDC4-CC16-F141-66B9-C90BDDD57A65}"
EndProject
Project("{FAE04EC0-301F-11D3-BF4B-00C04F79EFBC}") = "Unity.Mathematics", "Unity.Mathematics.csproj", "{37AC708E-270D-1D88-2420-117981F33E9E}"
EndProject
Project("{FAE04EC0-301F-11D3-BF4B-00C04F79EFBC}") = "Unity.2D.Animation.Triangle.Runtime", "Unity.2D.Animation.Triangle.Runtime.csproj", "{A740CF47-6A92-E198-49CA-3D9EF09C8D76}"
EndProject
Project("{FAE04EC0-301F-11D3-BF4B-00C04F79EFBC}") = "Unity.Timeline", "Unity.Timeline.csproj", "{85798B08-DFCF-2186-0716-C63ED263C7CF}"
EndProject
Project("{FAE04EC0-301F-11D3-BF4B-00C04F79EFBC}") = "Unity.TextMeshPro", "Unity.TextMeshPro.csproj", "{00EBD6B1-E3D4-6165-06D5-C3B2F189E538}"
EndProject
Project("{FAE04EC0-301F-11D3-BF4B-00C04F79EFBC}") = "Unity.2D.Animation.Runtime", "Unity.2D.Animation.Runtime.csproj", "{A042E62B-C7A8-EE9D-6BF6-35678B2483A4}"
EndProject
Project("{FAE04EC0-301F-11D3-BF4B-00C04F79EFBC}") = "Unity.2D.IK.Runtime", "Unity.2D.IK.Runtime.csproj", "{F08EB7D5-7407-E98C-470A-9B1FA7069054}"
EndProject
Project("{FAE04EC0-301F-11D3-BF4B-00C04F79EFBC}") = "Unity.2D.SpriteShape.Runtime", "Unity.2D.SpriteShape.Runtime.csproj", "{0F279D6C-29F5-CEFE-860F-BA69D9A8DB58}"
EndProject
Project("{FAE04EC0-301F-11D3-BF4B-00C04F79EFBC}") = "Unity.2D.PixelPerfect", "Unity.2D.PixelPerfect.csproj", "{FB585B9C-EF6E-99C5-AC80-84F308E62C2C}"
EndProject
Project("{FAE04EC0-301F-11D3-BF4B-00C04F79EFBC}") = "Assembly-CSharp", "Assembly-CSharp.csproj", "{F7CAE1E2-1A9F-9687-5A76-26B6ECEA953F}"
EndProject
Project("{FAE04EC0-301F-11D3-BF4B-00C04F79EFBC}") = "Unity.2D.Common.Runtime", "Unity.2D.Common.Runtime.csproj", "{82EA1A26-4102-7C98-9A72-2BDFD5B56AC1}"
EndProject
Project("{FAE04EC0-301F-11D3-BF4B-00C04F79EFBC}") = "Unity.InternalAPIEngineBridge.001", "Unity.InternalAPIEngineBridge.001.csproj", "{C931072B-E247-C2A8-949E-16C3BF44FD4E}"
EndProject
Project("{FAE04EC0-301F-11D3-BF4B-00C04F79EFBC}") = "UnityEditor.TestRunner", "UnityEditor.TestRunner.csproj", "{E305CD29-2876-4AB7-92FE-FF4BCF0C1948}"
EndProject
Project("{FAE04EC0-301F-11D3-BF4B-00C04F79EFBC}") = "Unity.PlasticSCM.Editor", "Unity.PlasticSCM.Editor.csproj", "{2FCEA352-EDB8-F73F-CCC5-357B0D92A00C}"
EndProject
Project("{FAE04EC0-301F-11D3-BF4B-00C04F79EFBC}") = "UnityEditor.UI", "UnityEditor.UI.csproj", "{71C54ED0-935E-7879-D3A8-43E6B6400FE5}"
EndProject
Project("{FAE04EC0-301F-11D3-BF4B-00C04F79EFBC}") = "Unity.Timeline.Editor", "Unity.Timeline.Editor.csproj", "{8EE94406-7EC6-1B67-D4D6-1B3D4855C034}"
EndProject
Project("{FAE04EC0-301F-11D3-BF4B-00C04F79EFBC}") = "Unity.VisualStudio.Editor", "Unity.VisualStudio.Editor.csproj", "{4F4FD741-E05B-5D55-B9C6-FFE9FBCC5672}"
EndProject
Project("{FAE04EC0-301F-11D3-BF4B-00C04F79EFBC}") = "Unity.2D.Psdimporter.Editor", "Unity.2D.Psdimporter.Editor.csproj", "{5050AC36-4BD9-685A-D02D-76287812599B}"
EndProject
Project("{FAE04EC0-301F-11D3-BF4B-00C04F79EFBC}") = "Unity.2D.Animation.Editor", "Unity.2D.Animation.Editor.csproj", "{8116413E-7BA4-3EAF-5D75-6CCDC445C79F}"
EndProject
Project("{FAE04EC0-301F-11D3-BF4B-00C04F79EFBC}") = "Unity.TextMeshPro.Editor", "Unity.TextMeshPro.Editor.csproj", "{ECC301ED-9AAF-920B-E66E-4062FE50C50D}"
EndProject
Project("{FAE04EC0-301F-11D3-BF4B-00C04F79EFBC}") = "Unity.2D.SpriteShape.Editor", "Unity.2D.SpriteShape.Editor.csproj", "{E0257A6F-25FB-F5B2-1102-20733E04D556}"
EndProject
Project("{FAE04EC0-301F-11D3-BF4B-00C04F79EFBC}") = "Unity.CollabProxy.Editor", "Unity.CollabProxy.Editor.csproj", "{8DAA38EB-25BD-EA56-5682-46762EB62692}"
EndProject
Project("{FAE04EC0-301F-11D3-BF4B-00C04F79EFBC}") = "PsdPlugin", "PsdPlugin.csproj", "{D36D1B33-3DE4-DAC9-9A74-7BF689D0DF67}"
EndProject
Project("{FAE04EC0-301F-11D3-BF4B-00C04F79EFBC}") = "Unity.2D.Path.Editor", "Unity.2D.Path.Editor.csproj", "{B627D57C-9228-9DAA-7850-C0B748A2166E}"
EndProject
Project("{FAE04EC0-301F-11D3-BF4B-00C04F79EFBC}") = "Unity.Rider.Editor", "Unity.Rider.Editor.csproj", "{F4E6821D-68D0-3462-8BE5-986EDE2616DA}"
EndProject
Project("{FAE04EC0-301F-11D3-BF4B-00C04F79EFBC}") = "Unity.2D.IK.Editor", "Unity.2D.IK.Editor.csproj", "{DE488C75-44D7-1ACC-C000-48AE37B81F68}"
EndProject
Project("{FAE04EC0-301F-11D3-BF4B-00C04F79EFBC}") = "Unity.2D.Sprite.Editor", "Unity.2D.Sprite.Editor.csproj", "{D1331E6F-121A-8163-6014-0C826168702C}"
EndProject
Project("{FAE04EC0-301F-11D3-BF4B-00C04F79EFBC}") = "Unity.2D.Tilemap.Editor", "Unity.2D.Tilemap.Editor.csproj", "{510B0723-A115-4F4A-52E1-31DEBA4404CE}"
EndProject
Project("{FAE04EC0-301F-11D3-BF4B-00C04F79EFBC}") = "Unity.2D.PixelPerfect.Editor", "Unity.2D.PixelPerfect.Editor.csproj", "{F184F5DF-3582-B719-1A4A-26A5F2D95269}"
EndProject
Project("{FAE04EC0-301F-11D3-BF4B-00C04F79EFBC}") = "Unity.VSCode.Editor", "Unity.VSCode.Editor.csproj", "{D3401ED3-7BE2-E04D-00F1-310501C9F1AF}"
EndProject
Project("{FAE04EC0-301F-11D3-BF4B-00C04F79EFBC}") = "Unity.2D.Common.Editor", "Unity.2D.Common.Editor.csproj", "{56480D25-33A8-7C7C-9D4B-A34A856584DB}"
EndProject
Project("{FAE04EC0-301F-11D3-BF4B-00C04F79EFBC}") = "Unity.Mathematics.Editor", "Unity.Mathematics.Editor.csproj", "{AD2C9AD7-349A-EDA2-FF52-5C7AB37006CE}"
EndProject
Project("{FAE04EC0-301F-11D3-BF4B-00C04F79EFBC}") = "Unity.InternalAPIEditorBridge.001", "Unity.InternalAPIEditorBridge.001.csproj", "{B0FC0DFB-F21F-4BA1-A3B8-47EEFCD1ABCB}"
EndProject
Global
	GlobalSection(SolutionConfigurationPlatforms) = preSolution
		Debug|Any CPU = Debug|Any CPU
		Release|Any CPU = Release|Any CPU
	EndGlobalSection
	GlobalSection(ProjectConfigurationPlatforms) = postSolution
		{76CC7763-3A93-DF9A-BF14-C324C86D01A6}.Debug|Any CPU.ActiveCfg = Debug|Any CPU
		{76CC7763-3A93-DF9A-BF14-C324C86D01A6}.Debug|Any CPU.Build.0 = Debug|Any CPU
		{76CC7763-3A93-DF9A-BF14-C324C86D01A6}.Release|Any CPU.ActiveCfg = Release|Any CPU
		{76CC7763-3A93-DF9A-BF14-C324C86D01A6}.Release|Any CPU.Build.0 = Release|Any CPU
		{5E40BDC4-CC16-F141-66B9-C90BDDD57A65}.Debug|Any CPU.ActiveCfg = Debug|Any CPU
		{5E40BDC4-CC16-F141-66B9-C90BDDD57A65}.Debug|Any CPU.Build.0 = Debug|Any CPU
		{5E40BDC4-CC16-F141-66B9-C90BDDD57A65}.Release|Any CPU.ActiveCfg = Release|Any CPU
		{5E40BDC4-CC16-F141-66B9-C90BDDD57A65}.Release|Any CPU.Build.0 = Release|Any CPU
		{37AC708E-270D-1D88-2420-117981F33E9E}.Debug|Any CPU.ActiveCfg = Debug|Any CPU
		{37AC708E-270D-1D88-2420-117981F33E9E}.Debug|Any CPU.Build.0 = Debug|Any CPU
		{37AC708E-270D-1D88-2420-117981F33E9E}.Release|Any CPU.ActiveCfg = Release|Any CPU
		{37AC708E-270D-1D88-2420-117981F33E9E}.Release|Any CPU.Build.0 = Release|Any CPU
		{A740CF47-6A92-E198-49CA-3D9EF09C8D76}.Debug|Any CPU.ActiveCfg = Debug|Any CPU
		{A740CF47-6A92-E198-49CA-3D9EF09C8D76}.Debug|Any CPU.Build.0 = Debug|Any CPU
		{A740CF47-6A92-E198-49CA-3D9EF09C8D76}.Release|Any CPU.ActiveCfg = Release|Any CPU
		{A740CF47-6A92-E198-49CA-3D9EF09C8D76}.Release|Any CPU.Build.0 = Release|Any CPU
		{85798B08-DFCF-2186-0716-C63ED263C7CF}.Debug|Any CPU.ActiveCfg = Debug|Any CPU
		{85798B08-DFCF-2186-0716-C63ED263C7CF}.Debug|Any CPU.Build.0 = Debug|Any CPU
		{85798B08-DFCF-2186-0716-C63ED263C7CF}.Release|Any CPU.ActiveCfg = Release|Any CPU
		{85798B08-DFCF-2186-0716-C63ED263C7CF}.Release|Any CPU.Build.0 = Release|Any CPU
		{00EBD6B1-E3D4-6165-06D5-C3B2F189E538}.Debug|Any CPU.ActiveCfg = Debug|Any CPU
		{00EBD6B1-E3D4-6165-06D5-C3B2F189E538}.Debug|Any CPU.Build.0 = Debug|Any CPU
		{00EBD6B1-E3D4-6165-06D5-C3B2F189E538}.Release|Any CPU.ActiveCfg = Release|Any CPU
		{00EBD6B1-E3D4-6165-06D5-C3B2F189E538}.Release|Any CPU.Build.0 = Release|Any CPU
		{A042E62B-C7A8-EE9D-6BF6-35678B2483A4}.Debug|Any CPU.ActiveCfg = Debug|Any CPU
		{A042E62B-C7A8-EE9D-6BF6-35678B2483A4}.Debug|Any CPU.Build.0 = Debug|Any CPU
		{A042E62B-C7A8-EE9D-6BF6-35678B2483A4}.Release|Any CPU.ActiveCfg = Release|Any CPU
		{A042E62B-C7A8-EE9D-6BF6-35678B2483A4}.Release|Any CPU.Build.0 = Release|Any CPU
		{F08EB7D5-7407-E98C-470A-9B1FA7069054}.Debug|Any CPU.ActiveCfg = Debug|Any CPU
		{F08EB7D5-7407-E98C-470A-9B1FA7069054}.Debug|Any CPU.Build.0 = Debug|Any CPU
		{F08EB7D5-7407-E98C-470A-9B1FA7069054}.Release|Any CPU.ActiveCfg = Release|Any CPU
		{F08EB7D5-7407-E98C-470A-9B1FA7069054}.Release|Any CPU.Build.0 = Release|Any CPU
		{0F279D6C-29F5-CEFE-860F-BA69D9A8DB58}.Debug|Any CPU.ActiveCfg = Debug|Any CPU
		{0F279D6C-29F5-CEFE-860F-BA69D9A8DB58}.Debug|Any CPU.Build.0 = Debug|Any CPU
		{0F279D6C-29F5-CEFE-860F-BA69D9A8DB58}.Release|Any CPU.ActiveCfg = Release|Any CPU
		{0F279D6C-29F5-CEFE-860F-BA69D9A8DB58}.Release|Any CPU.Build.0 = Release|Any CPU
		{FB585B9C-EF6E-99C5-AC80-84F308E62C2C}.Debug|Any CPU.ActiveCfg = Debug|Any CPU
		{FB585B9C-EF6E-99C5-AC80-84F308E62C2C}.Debug|Any CPU.Build.0 = Debug|Any CPU
		{FB585B9C-EF6E-99C5-AC80-84F308E62C2C}.Release|Any CPU.ActiveCfg = Release|Any CPU
		{FB585B9C-EF6E-99C5-AC80-84F308E62C2C}.Release|Any CPU.Build.0 = Release|Any CPU
		{F7CAE1E2-1A9F-9687-5A76-26B6ECEA953F}.Debug|Any CPU.ActiveCfg = Debug|Any CPU
		{F7CAE1E2-1A9F-9687-5A76-26B6ECEA953F}.Debug|Any CPU.Build.0 = Debug|Any CPU
		{F7CAE1E2-1A9F-9687-5A76-26B6ECEA953F}.Release|Any CPU.ActiveCfg = Release|Any CPU
		{F7CAE1E2-1A9F-9687-5A76-26B6ECEA953F}.Release|Any CPU.Build.0 = Release|Any CPU
		{82EA1A26-4102-7C98-9A72-2BDFD5B56AC1}.Debug|Any CPU.ActiveCfg = Debug|Any CPU
		{82EA1A26-4102-7C98-9A72-2BDFD5B56AC1}.Debug|Any CPU.Build.0 = Debug|Any CPU
		{82EA1A26-4102-7C98-9A72-2BDFD5B56AC1}.Release|Any CPU.ActiveCfg = Release|Any CPU
		{82EA1A26-4102-7C98-9A72-2BDFD5B56AC1}.Release|Any CPU.Build.0 = Release|Any CPU
		{C931072B-E247-C2A8-949E-16C3BF44FD4E}.Debug|Any CPU.ActiveCfg = Debug|Any CPU
		{C931072B-E247-C2A8-949E-16C3BF44FD4E}.Debug|Any CPU.Build.0 = Debug|Any CPU
		{C931072B-E247-C2A8-949E-16C3BF44FD4E}.Release|Any CPU.ActiveCfg = Release|Any CPU
		{C931072B-E247-C2A8-949E-16C3BF44FD4E}.Release|Any CPU.Build.0 = Release|Any CPU
		{E305CD29-2876-4AB7-92FE-FF4BCF0C1948}.Debug|Any CPU.ActiveCfg = Debug|Any CPU
		{E305CD29-2876-4AB7-92FE-FF4BCF0C1948}.Debug|Any CPU.Build.0 = Debug|Any CPU
		{E305CD29-2876-4AB7-92FE-FF4BCF0C1948}.Release|Any CPU.ActiveCfg = Release|Any CPU
		{E305CD29-2876-4AB7-92FE-FF4BCF0C1948}.Release|Any CPU.Build.0 = Release|Any CPU
		{2FCEA352-EDB8-F73F-CCC5-357B0D92A00C}.Debug|Any CPU.ActiveCfg = Debug|Any CPU
		{2FCEA352-EDB8-F73F-CCC5-357B0D92A00C}.Debug|Any CPU.Build.0 = Debug|Any CPU
		{2FCEA352-EDB8-F73F-CCC5-357B0D92A00C}.Release|Any CPU.ActiveCfg = Release|Any CPU
		{2FCEA352-EDB8-F73F-CCC5-357B0D92A00C}.Release|Any CPU.Build.0 = Release|Any CPU
		{71C54ED0-935E-7879-D3A8-43E6B6400FE5}.Debug|Any CPU.ActiveCfg = Debug|Any CPU
		{71C54ED0-935E-7879-D3A8-43E6B6400FE5}.Debug|Any CPU.Build.0 = Debug|Any CPU
		{71C54ED0-935E-7879-D3A8-43E6B6400FE5}.Release|Any CPU.ActiveCfg = Release|Any CPU
		{71C54ED0-935E-7879-D3A8-43E6B6400FE5}.Release|Any CPU.Build.0 = Release|Any CPU
		{8EE94406-7EC6-1B67-D4D6-1B3D4855C034}.Debug|Any CPU.ActiveCfg = Debug|Any CPU
		{8EE94406-7EC6-1B67-D4D6-1B3D4855C034}.Debug|Any CPU.Build.0 = Debug|Any CPU
		{8EE94406-7EC6-1B67-D4D6-1B3D4855C034}.Release|Any CPU.ActiveCfg = Release|Any CPU
		{8EE94406-7EC6-1B67-D4D6-1B3D4855C034}.Release|Any CPU.Build.0 = Release|Any CPU
		{4F4FD741-E05B-5D55-B9C6-FFE9FBCC5672}.Debug|Any CPU.ActiveCfg = Debug|Any CPU
		{4F4FD741-E05B-5D55-B9C6-FFE9FBCC5672}.Debug|Any CPU.Build.0 = Debug|Any CPU
		{4F4FD741-E05B-5D55-B9C6-FFE9FBCC5672}.Release|Any CPU.ActiveCfg = Release|Any CPU
		{4F4FD741-E05B-5D55-B9C6-FFE9FBCC5672}.Release|Any CPU.Build.0 = Release|Any CPU
		{5050AC36-4BD9-685A-D02D-76287812599B}.Debug|Any CPU.ActiveCfg = Debug|Any CPU
		{5050AC36-4BD9-685A-D02D-76287812599B}.Debug|Any CPU.Build.0 = Debug|Any CPU
		{5050AC36-4BD9-685A-D02D-76287812599B}.Release|Any CPU.ActiveCfg = Release|Any CPU
		{5050AC36-4BD9-685A-D02D-76287812599B}.Release|Any CPU.Build.0 = Release|Any CPU
		{8116413E-7BA4-3EAF-5D75-6CCDC445C79F}.Debug|Any CPU.ActiveCfg = Debug|Any CPU
		{8116413E-7BA4-3EAF-5D75-6CCDC445C79F}.Debug|Any CPU.Build.0 = Debug|Any CPU
		{8116413E-7BA4-3EAF-5D75-6CCDC445C79F}.Release|Any CPU.ActiveCfg = Release|Any CPU
		{8116413E-7BA4-3EAF-5D75-6CCDC445C79F}.Release|Any CPU.Build.0 = Release|Any CPU
		{ECC301ED-9AAF-920B-E66E-4062FE50C50D}.Debug|Any CPU.ActiveCfg = Debug|Any CPU
		{ECC301ED-9AAF-920B-E66E-4062FE50C50D}.Debug|Any CPU.Build.0 = Debug|Any CPU
		{ECC301ED-9AAF-920B-E66E-4062FE50C50D}.Release|Any CPU.ActiveCfg = Release|Any CPU
		{ECC301ED-9AAF-920B-E66E-4062FE50C50D}.Release|Any CPU.Build.0 = Release|Any CPU
		{E0257A6F-25FB-F5B2-1102-20733E04D556}.Debug|Any CPU.ActiveCfg = Debug|Any CPU
		{E0257A6F-25FB-F5B2-1102-20733E04D556}.Debug|Any CPU.Build.0 = Debug|Any CPU
		{E0257A6F-25FB-F5B2-1102-20733E04D556}.Release|Any CPU.ActiveCfg = Release|Any CPU
		{E0257A6F-25FB-F5B2-1102-20733E04D556}.Release|Any CPU.Build.0 = Release|Any CPU
		{8DAA38EB-25BD-EA56-5682-46762EB62692}.Debug|Any CPU.ActiveCfg = Debug|Any CPU
		{8DAA38EB-25BD-EA56-5682-46762EB62692}.Debug|Any CPU.Build.0 = Debug|Any CPU
		{8DAA38EB-25BD-EA56-5682-46762EB62692}.Release|Any CPU.ActiveCfg = Release|Any CPU
		{8DAA38EB-25BD-EA56-5682-46762EB62692}.Release|Any CPU.Build.0 = Release|Any CPU
		{D36D1B33-3DE4-DAC9-9A74-7BF689D0DF67}.Debug|Any CPU.ActiveCfg = Debug|Any CPU
		{D36D1B33-3DE4-DAC9-9A74-7BF689D0DF67}.Debug|Any CPU.Build.0 = Debug|Any CPU
		{D36D1B33-3DE4-DAC9-9A74-7BF689D0DF67}.Release|Any CPU.ActiveCfg = Release|Any CPU
		{D36D1B33-3DE4-DAC9-9A74-7BF689D0DF67}.Release|Any CPU.Build.0 = Release|Any CPU
		{B627D57C-9228-9DAA-7850-C0B748A2166E}.Debug|Any CPU.ActiveCfg = Debug|Any CPU
		{B627D57C-9228-9DAA-7850-C0B748A2166E}.Debug|Any CPU.Build.0 = Debug|Any CPU
		{B627D57C-9228-9DAA-7850-C0B748A2166E}.Release|Any CPU.ActiveCfg = Release|Any CPU
		{B627D57C-9228-9DAA-7850-C0B748A2166E}.Release|Any CPU.Build.0 = Release|Any CPU
		{F4E6821D-68D0-3462-8BE5-986EDE2616DA}.Debug|Any CPU.ActiveCfg = Debug|Any CPU
		{F4E6821D-68D0-3462-8BE5-986EDE2616DA}.Debug|Any CPU.Build.0 = Debug|Any CPU
		{F4E6821D-68D0-3462-8BE5-986EDE2616DA}.Release|Any CPU.ActiveCfg = Release|Any CPU
		{F4E6821D-68D0-3462-8BE5-986EDE2616DA}.Release|Any CPU.Build.0 = Release|Any CPU
		{DE488C75-44D7-1ACC-C000-48AE37B81F68}.Debug|Any CPU.ActiveCfg = Debug|Any CPU
		{DE488C75-44D7-1ACC-C000-48AE37B81F68}.Debug|Any CPU.Build.0 = Debug|Any CPU
		{DE488C75-44D7-1ACC-C000-48AE37B81F68}.Release|Any CPU.ActiveCfg = Release|Any CPU
		{DE488C75-44D7-1ACC-C000-48AE37B81F68}.Release|Any CPU.Build.0 = Release|Any CPU
		{D1331E6F-121A-8163-6014-0C826168702C}.Debug|Any CPU.ActiveCfg = Debug|Any CPU
		{D1331E6F-121A-8163-6014-0C826168702C}.Debug|Any CPU.Build.0 = Debug|Any CPU
		{D1331E6F-121A-8163-6014-0C826168702C}.Release|Any CPU.ActiveCfg = Release|Any CPU
		{D1331E6F-121A-8163-6014-0C826168702C}.Release|Any CPU.Build.0 = Release|Any CPU
		{510B0723-A115-4F4A-52E1-31DEBA4404CE}.Debug|Any CPU.ActiveCfg = Debug|Any CPU
		{510B0723-A115-4F4A-52E1-31DEBA4404CE}.Debug|Any CPU.Build.0 = Debug|Any CPU
		{510B0723-A115-4F4A-52E1-31DEBA4404CE}.Release|Any CPU.ActiveCfg = Release|Any CPU
		{510B0723-A115-4F4A-52E1-31DEBA4404CE}.Release|Any CPU.Build.0 = Release|Any CPU
		{F184F5DF-3582-B719-1A4A-26A5F2D95269}.Debug|Any CPU.ActiveCfg = Debug|Any CPU
		{F184F5DF-3582-B719-1A4A-26A5F2D95269}.Debug|Any CPU.Build.0 = Debug|Any CPU
		{F184F5DF-3582-B719-1A4A-26A5F2D95269}.Release|Any CPU.ActiveCfg = Release|Any CPU
		{F184F5DF-3582-B719-1A4A-26A5F2D95269}.Release|Any CPU.Build.0 = Release|Any CPU
		{D3401ED3-7BE2-E04D-00F1-310501C9F1AF}.Debug|Any CPU.ActiveCfg = Debug|Any CPU
		{D3401ED3-7BE2-E04D-00F1-310501C9F1AF}.Debug|Any CPU.Build.0 = Debug|Any CPU
		{D3401ED3-7BE2-E04D-00F1-310501C9F1AF}.Release|Any CPU.ActiveCfg = Release|Any CPU
		{D3401ED3-7BE2-E04D-00F1-310501C9F1AF}.Release|Any CPU.Build.0 = Release|Any CPU
		{56480D25-33A8-7C7C-9D4B-A34A856584DB}.Debug|Any CPU.ActiveCfg = Debug|Any CPU
		{56480D25-33A8-7C7C-9D4B-A34A856584DB}.Debug|Any CPU.Build.0 = Debug|Any CPU
		{56480D25-33A8-7C7C-9D4B-A34A856584DB}.Release|Any CPU.ActiveCfg = Release|Any CPU
		{56480D25-33A8-7C7C-9D4B-A34A856584DB}.Release|Any CPU.Build.0 = Release|Any CPU
		{AD2C9AD7-349A-EDA2-FF52-5C7AB37006CE}.Debug|Any CPU.ActiveCfg = Debug|Any CPU
		{AD2C9AD7-349A-EDA2-FF52-5C7AB37006CE}.Debug|Any CPU.Build.0 = Debug|Any CPU
		{AD2C9AD7-349A-EDA2-FF52-5C7AB37006CE}.Release|Any CPU.ActiveCfg = Release|Any CPU
		{AD2C9AD7-349A-EDA2-FF52-5C7AB37006CE}.Release|Any CPU.Build.0 = Release|Any CPU
		{B0FC0DFB-F21F-4BA1-A3B8-47EEFCD1ABCB}.Debug|Any CPU.ActiveCfg = Debug|Any CPU
		{B0FC0DFB-F21F-4BA1-A3B8-47EEFCD1ABCB}.Debug|Any CPU.Build.0 = Debug|Any CPU
		{B0FC0DFB-F21F-4BA1-A3B8-47EEFCD1ABCB}.Release|Any CPU.ActiveCfg = Release|Any CPU
		{B0FC0DFB-F21F-4BA1-A3B8-47EEFCD1ABCB}.Release|Any CPU.Build.0 = Release|Any CPU
	EndGlobalSection
	GlobalSection(SolutionProperties) = preSolution
		HideSolutionNode = FALSE
	EndGlobalSection
EndGlobal
