
Microsoft Visual Studio Solution File, Format Version 12.00
# Visual Studio 15
Project("{FAE04EC0-301F-11D3-BF4B-00C04F79EFBC}") = "UnityEngine.TestRunner", "UnityEngine.TestRunner.csproj", "{EC59F9E5-8E66-B1B6-1635-98B2C5EFCC68}"
EndProject
Project("{FAE04EC0-301F-11D3-BF4B-00C04F79EFBC}") = "UnityEngine.UI", "UnityEngine.UI.csproj", "{9B2A36C2-73DF-1CC4-430E-08F81F0FA2A6}"
EndProject
Project("{FAE04EC0-301F-11D3-BF4B-00C04F79EFBC}") = "Unity.Mathematics", "Unity.Mathematics.csproj", "{0321CCFD-29A7-41C7-9596-FB48E7FBB1C4}"
EndProject
Project("{FAE04EC0-301F-11D3-BF4B-00C04F79EFBC}") = "Unity.2D.Animation.Triangle.Runtime", "Unity.2D.Animation.Triangle.Runtime.csproj", "{E9C64159-B959-8AA0-284D-A3BE88F10396}"
EndProject
Project("{FAE04EC0-301F-11D3-BF4B-00C04F79EFBC}") = "Unity.Timeline", "Unity.Timeline.csproj", "{8B1C56AB-D8FB-C1F8-A33D-04EA49FF5035}"
EndProject
Project("{FAE04EC0-301F-11D3-BF4B-00C04F79EFBC}") = "Unity.TextMeshPro", "Unity.TextMeshPro.csproj", "{17B5DFF9-3E29-0F77-3F41-363942484126}"
EndProject
Project("{FAE04EC0-301F-11D3-BF4B-00C04F79EFBC}") = "Unity.2D.Animation.Runtime", "Unity.2D.Animation.Runtime.csproj", "{3927B6C4-31F0-9C47-FF73-8CAB422A808A}"
EndProject
Project("{FAE04EC0-301F-11D3-BF4B-00C04F79EFBC}") = "Unity.2D.IK.Runtime", "Unity.2D.IK.Runtime.csproj", "{FA9B9150-6589-9FBC-A2F9-47334DE937BE}"
EndProject
Project("{FAE04EC0-301F-11D3-BF4B-00C04F79EFBC}") = "Unity.2D.SpriteShape.Runtime", "Unity.2D.SpriteShape.Runtime.csproj", "{4FBDA9EF-30D9-E630-FDC3-8FDC274E3DF6}"
EndProject
Project("{FAE04EC0-301F-11D3-BF4B-00C04F79EFBC}") = "Unity.2D.PixelPerfect", "Unity.2D.PixelPerfect.csproj", "{FC430BE6-C095-2F4D-C5FB-FD3CB52A031E}"
EndProject
Project("{FAE04EC0-301F-11D3-BF4B-00C04F79EFBC}") = "Assembly-CSharp", "Assembly-CSharp.csproj", "{052F93B0-99EE-C079-471A-F839E0D292AC}"
EndProject
Project("{FAE04EC0-301F-11D3-BF4B-00C04F79EFBC}") = "Unity.2D.Common.Runtime", "Unity.2D.Common.Runtime.csproj", "{128F5EAD-FBB8-36E4-DD2F-9232A41A9F25}"
EndProject
Project("{FAE04EC0-301F-11D3-BF4B-00C04F79EFBC}") = "Unity.InternalAPIEngineBridge.001", "Unity.InternalAPIEngineBridge.001.csproj", "{3F3AF6CA-05F8-B7CE-8639-58282CA46A0F}"
EndProject
Project("{FAE04EC0-301F-11D3-BF4B-00C04F79EFBC}") = "UnityEditor.TestRunner", "UnityEditor.TestRunner.csproj", "{2D9E6106-BCDE-5D36-3676-9EE383BC07AA}"
EndProject
Project("{FAE04EC0-301F-11D3-BF4B-00C04F79EFBC}") = "Unity.PlasticSCM.Editor", "Unity.PlasticSCM.Editor.csproj", "{1188A71C-0BED-2F4C-A417-9477F36B61F7}"
EndProject
Project("{FAE04EC0-301F-11D3-BF4B-00C04F79EFBC}") = "UnityEditor.UI", "UnityEditor.UI.csproj", "{0E78CEF4-F293-C832-A4C7-461027807F15}"
EndProject
Project("{FAE04EC0-301F-11D3-BF4B-00C04F79EFBC}") = "Unity.Timeline.Editor", "Unity.Timeline.Editor.csproj", "{336760A6-26AB-ACB9-AE32-3EC7DADC608C}"
EndProject
Project("{FAE04EC0-301F-11D3-BF4B-00C04F79EFBC}") = "Unity.VisualStudio.Editor", "Unity.VisualStudio.Editor.csproj", "{F853DD0E-AE74-2E0C-4987-599F67826C42}"
EndProject
Project("{FAE04EC0-301F-11D3-BF4B-00C04F79EFBC}") = "Unity.2D.Psdimporter.Editor", "Unity.2D.Psdimporter.Editor.csproj", "{E188F3D8-A935-2312-15BE-309B0BB5EEBA}"
EndProject
Project("{FAE04EC0-301F-11D3-BF4B-00C04F79EFBC}") = "Unity.2D.Animation.Editor", "Unity.2D.Animation.Editor.csproj", "{25040457-05F2-9E04-DD0F-CB82CD9228EF}"
EndProject
Project("{FAE04EC0-301F-11D3-BF4B-00C04F79EFBC}") = "Unity.TextMeshPro.Editor", "Unity.TextMeshPro.Editor.csproj", "{77A906EC-2D44-888A-A8A0-7102EBF55B46}"
EndProject
Project("{FAE04EC0-301F-11D3-BF4B-00C04F79EFBC}") = "Unity.2D.SpriteShape.Editor", "Unity.2D.SpriteShape.Editor.csproj", "{09883CC2-8B09-6B7A-33DB-73399B367268}"
EndProject
Project("{FAE04EC0-301F-11D3-BF4B-00C04F79EFBC}") = "Unity.CollabProxy.Editor", "Unity.CollabProxy.Editor.csproj", "{39AD0440-C24D-F642-D2FE-2F6114A4185A}"
EndProject
Project("{FAE04EC0-301F-11D3-BF4B-00C04F79EFBC}") = "PsdPlugin", "PsdPlugin.csproj", "{62CD4FDF-AA29-435C-18F3-6593137AD6C1}"
EndProject
Project("{FAE04EC0-301F-11D3-BF4B-00C04F79EFBC}") = "Unity.2D.Path.Editor", "Unity.2D.Path.Editor.csproj", "{59E6F8DB-0F72-9476-F565-8DC40FFEBDF7}"
EndProject
Project("{FAE04EC0-301F-11D3-BF4B-00C04F79EFBC}") = "Unity.Rider.Editor", "Unity.Rider.Editor.csproj", "{16B3DBC8-6B25-B3BB-2F65-71A8F0A3A357}"
EndProject
Project("{FAE04EC0-301F-11D3-BF4B-00C04F79EFBC}") = "Unity.2D.IK.Editor", "Unity.2D.IK.Editor.csproj", "{84D397E5-939F-3CCE-BE37-2225EBAD035B}"
EndProject
Project("{FAE04EC0-301F-11D3-BF4B-00C04F79EFBC}") = "Unity.2D.Sprite.Editor", "Unity.2D.Sprite.Editor.csproj", "{82E9B1D1-A0EC-B536-6197-6DDF5B70F055}"
EndProject
Project("{FAE04EC0-301F-11D3-BF4B-00C04F79EFBC}") = "Unity.2D.Tilemap.Editor", "Unity.2D.Tilemap.Editor.csproj", "{F3913A48-2B95-7FD5-F7A1-9805D7A7DD2D}"
EndProject
Project("{FAE04EC0-301F-11D3-BF4B-00C04F79EFBC}") = "Unity.2D.PixelPerfect.Editor", "Unity.2D.PixelPerfect.Editor.csproj", "{AFFB1220-396D-9B87-8716-D783593C6E99}"
EndProject
Project("{FAE04EC0-301F-11D3-BF4B-00C04F79EFBC}") = "Unity.VSCode.Editor", "Unity.VSCode.Editor.csproj", "{C53B4306-2184-E5F6-5445-81F0505AA791}"
EndProject
Project("{FAE04EC0-301F-11D3-BF4B-00C04F79EFBC}") = "Unity.2D.Common.Editor", "Unity.2D.Common.Editor.csproj", "{1B7C3134-D82E-BA20-D6FB-B075A8E10824}"
EndProject
Project("{FAE04EC0-301F-11D3-BF4B-00C04F79EFBC}") = "Unity.Mathematics.Editor", "Unity.Mathematics.Editor.csproj", "{40934912-FD0C-6453-7574-DA82C5B9A5AA}"
EndProject
Project("{FAE04EC0-301F-11D3-BF4B-00C04F79EFBC}") = "Unity.InternalAPIEditorBridge.001", "Unity.InternalAPIEditorBridge.001.csproj", "{B2CDCAD9-13CC-6BB6-8E0F-EBF7DA3C3182}"
EndProject
Global
	GlobalSection(SolutionConfigurationPlatforms) = preSolution
		Debug|Any CPU = Debug|Any CPU
		Release|Any CPU = Release|Any CPU
	EndGlobalSection
	GlobalSection(ProjectConfigurationPlatforms) = postSolution
		{EC59F9E5-8E66-B1B6-1635-98B2C5EFCC68}.Debug|Any CPU.ActiveCfg = Debug|Any CPU
		{EC59F9E5-8E66-B1B6-1635-98B2C5EFCC68}.Debug|Any CPU.Build.0 = Debug|Any CPU
		{EC59F9E5-8E66-B1B6-1635-98B2C5EFCC68}.Release|Any CPU.ActiveCfg = Release|Any CPU
		{EC59F9E5-8E66-B1B6-1635-98B2C5EFCC68}.Release|Any CPU.Build.0 = Release|Any CPU
		{9B2A36C2-73DF-1CC4-430E-08F81F0FA2A6}.Debug|Any CPU.ActiveCfg = Debug|Any CPU
		{9B2A36C2-73DF-1CC4-430E-08F81F0FA2A6}.Debug|Any CPU.Build.0 = Debug|Any CPU
		{9B2A36C2-73DF-1CC4-430E-08F81F0FA2A6}.Release|Any CPU.ActiveCfg = Release|Any CPU
		{9B2A36C2-73DF-1CC4-430E-08F81F0FA2A6}.Release|Any CPU.Build.0 = Release|Any CPU
		{0321CCFD-29A7-41C7-9596-FB48E7FBB1C4}.Debug|Any CPU.ActiveCfg = Debug|Any CPU
		{0321CCFD-29A7-41C7-9596-FB48E7FBB1C4}.Debug|Any CPU.Build.0 = Debug|Any CPU
		{0321CCFD-29A7-41C7-9596-FB48E7FBB1C4}.Release|Any CPU.ActiveCfg = Release|Any CPU
		{0321CCFD-29A7-41C7-9596-FB48E7FBB1C4}.Release|Any CPU.Build.0 = Release|Any CPU
		{E9C64159-B959-8AA0-284D-A3BE88F10396}.Debug|Any CPU.ActiveCfg = Debug|Any CPU
		{E9C64159-B959-8AA0-284D-A3BE88F10396}.Debug|Any CPU.Build.0 = Debug|Any CPU
		{E9C64159-B959-8AA0-284D-A3BE88F10396}.Release|Any CPU.ActiveCfg = Release|Any CPU
		{E9C64159-B959-8AA0-284D-A3BE88F10396}.Release|Any CPU.Build.0 = Release|Any CPU
		{8B1C56AB-D8FB-C1F8-A33D-04EA49FF5035}.Debug|Any CPU.ActiveCfg = Debug|Any CPU
		{8B1C56AB-D8FB-C1F8-A33D-04EA49FF5035}.Debug|Any CPU.Build.0 = Debug|Any CPU
		{8B1C56AB-D8FB-C1F8-A33D-04EA49FF5035}.Release|Any CPU.ActiveCfg = Release|Any CPU
		{8B1C56AB-D8FB-C1F8-A33D-04EA49FF5035}.Release|Any CPU.Build.0 = Release|Any CPU
		{17B5DFF9-3E29-0F77-3F41-363942484126}.Debug|Any CPU.ActiveCfg = Debug|Any CPU
		{17B5DFF9-3E29-0F77-3F41-363942484126}.Debug|Any CPU.Build.0 = Debug|Any CPU
		{17B5DFF9-3E29-0F77-3F41-363942484126}.Release|Any CPU.ActiveCfg = Release|Any CPU
		{17B5DFF9-3E29-0F77-3F41-363942484126}.Release|Any CPU.Build.0 = Release|Any CPU
		{3927B6C4-31F0-9C47-FF73-8CAB422A808A}.Debug|Any CPU.ActiveCfg = Debug|Any CPU
		{3927B6C4-31F0-9C47-FF73-8CAB422A808A}.Debug|Any CPU.Build.0 = Debug|Any CPU
		{3927B6C4-31F0-9C47-FF73-8CAB422A808A}.Release|Any CPU.ActiveCfg = Release|Any CPU
		{3927B6C4-31F0-9C47-FF73-8CAB422A808A}.Release|Any CPU.Build.0 = Release|Any CPU
		{FA9B9150-6589-9FBC-A2F9-47334DE937BE}.Debug|Any CPU.ActiveCfg = Debug|Any CPU
		{FA9B9150-6589-9FBC-A2F9-47334DE937BE}.Debug|Any CPU.Build.0 = Debug|Any CPU
		{FA9B9150-6589-9FBC-A2F9-47334DE937BE}.Release|Any CPU.ActiveCfg = Release|Any CPU
		{FA9B9150-6589-9FBC-A2F9-47334DE937BE}.Release|Any CPU.Build.0 = Release|Any CPU
		{4FBDA9EF-30D9-E630-FDC3-8FDC274E3DF6}.Debug|Any CPU.ActiveCfg = Debug|Any CPU
		{4FBDA9EF-30D9-E630-FDC3-8FDC274E3DF6}.Debug|Any CPU.Build.0 = Debug|Any CPU
		{4FBDA9EF-30D9-E630-FDC3-8FDC274E3DF6}.Release|Any CPU.ActiveCfg = Release|Any CPU
		{4FBDA9EF-30D9-E630-FDC3-8FDC274E3DF6}.Release|Any CPU.Build.0 = Release|Any CPU
		{FC430BE6-C095-2F4D-C5FB-FD3CB52A031E}.Debug|Any CPU.ActiveCfg = Debug|Any CPU
		{FC430BE6-C095-2F4D-C5FB-FD3CB52A031E}.Debug|Any CPU.Build.0 = Debug|Any CPU
		{FC430BE6-C095-2F4D-C5FB-FD3CB52A031E}.Release|Any CPU.ActiveCfg = Release|Any CPU
		{FC430BE6-C095-2F4D-C5FB-FD3CB52A031E}.Release|Any CPU.Build.0 = Release|Any CPU
		{052F93B0-99EE-C079-471A-F839E0D292AC}.Debug|Any CPU.ActiveCfg = Debug|Any CPU
		{052F93B0-99EE-C079-471A-F839E0D292AC}.Debug|Any CPU.Build.0 = Debug|Any CPU
		{052F93B0-99EE-C079-471A-F839E0D292AC}.Release|Any CPU.ActiveCfg = Release|Any CPU
		{052F93B0-99EE-C079-471A-F839E0D292AC}.Release|Any CPU.Build.0 = Release|Any CPU
		{128F5EAD-FBB8-36E4-DD2F-9232A41A9F25}.Debug|Any CPU.ActiveCfg = Debug|Any CPU
		{128F5EAD-FBB8-36E4-DD2F-9232A41A9F25}.Debug|Any CPU.Build.0 = Debug|Any CPU
		{128F5EAD-FBB8-36E4-DD2F-9232A41A9F25}.Release|Any CPU.ActiveCfg = Release|Any CPU
		{128F5EAD-FBB8-36E4-DD2F-9232A41A9F25}.Release|Any CPU.Build.0 = Release|Any CPU
		{3F3AF6CA-05F8-B7CE-8639-58282CA46A0F}.Debug|Any CPU.ActiveCfg = Debug|Any CPU
		{3F3AF6CA-05F8-B7CE-8639-58282CA46A0F}.Debug|Any CPU.Build.0 = Debug|Any CPU
		{3F3AF6CA-05F8-B7CE-8639-58282CA46A0F}.Release|Any CPU.ActiveCfg = Release|Any CPU
		{3F3AF6CA-05F8-B7CE-8639-58282CA46A0F}.Release|Any CPU.Build.0 = Release|Any CPU
		{2D9E6106-BCDE-5D36-3676-9EE383BC07AA}.Debug|Any CPU.ActiveCfg = Debug|Any CPU
		{2D9E6106-BCDE-5D36-3676-9EE383BC07AA}.Debug|Any CPU.Build.0 = Debug|Any CPU
		{2D9E6106-BCDE-5D36-3676-9EE383BC07AA}.Release|Any CPU.ActiveCfg = Release|Any CPU
		{2D9E6106-BCDE-5D36-3676-9EE383BC07AA}.Release|Any CPU.Build.0 = Release|Any CPU
		{1188A71C-0BED-2F4C-A417-9477F36B61F7}.Debug|Any CPU.ActiveCfg = Debug|Any CPU
		{1188A71C-0BED-2F4C-A417-9477F36B61F7}.Debug|Any CPU.Build.0 = Debug|Any CPU
		{1188A71C-0BED-2F4C-A417-9477F36B61F7}.Release|Any CPU.ActiveCfg = Release|Any CPU
		{1188A71C-0BED-2F4C-A417-9477F36B61F7}.Release|Any CPU.Build.0 = Release|Any CPU
		{0E78CEF4-F293-C832-A4C7-461027807F15}.Debug|Any CPU.ActiveCfg = Debug|Any CPU
		{0E78CEF4-F293-C832-A4C7-461027807F15}.Debug|Any CPU.Build.0 = Debug|Any CPU
		{0E78CEF4-F293-C832-A4C7-461027807F15}.Release|Any CPU.ActiveCfg = Release|Any CPU
		{0E78CEF4-F293-C832-A4C7-461027807F15}.Release|Any CPU.Build.0 = Release|Any CPU
		{336760A6-26AB-ACB9-AE32-3EC7DADC608C}.Debug|Any CPU.ActiveCfg = Debug|Any CPU
		{336760A6-26AB-ACB9-AE32-3EC7DADC608C}.Debug|Any CPU.Build.0 = Debug|Any CPU
		{336760A6-26AB-ACB9-AE32-3EC7DADC608C}.Release|Any CPU.ActiveCfg = Release|Any CPU
		{336760A6-26AB-ACB9-AE32-3EC7DADC608C}.Release|Any CPU.Build.0 = Release|Any CPU
		{F853DD0E-AE74-2E0C-4987-599F67826C42}.Debug|Any CPU.ActiveCfg = Debug|Any CPU
		{F853DD0E-AE74-2E0C-4987-599F67826C42}.Debug|Any CPU.Build.0 = Debug|Any CPU
		{F853DD0E-AE74-2E0C-4987-599F67826C42}.Release|Any CPU.ActiveCfg = Release|Any CPU
		{F853DD0E-AE74-2E0C-4987-599F67826C42}.Release|Any CPU.Build.0 = Release|Any CPU
		{E188F3D8-A935-2312-15BE-309B0BB5EEBA}.Debug|Any CPU.ActiveCfg = Debug|Any CPU
		{E188F3D8-A935-2312-15BE-309B0BB5EEBA}.Debug|Any CPU.Build.0 = Debug|Any CPU
		{E188F3D8-A935-2312-15BE-309B0BB5EEBA}.Release|Any CPU.ActiveCfg = Release|Any CPU
		{E188F3D8-A935-2312-15BE-309B0BB5EEBA}.Release|Any CPU.Build.0 = Release|Any CPU
		{25040457-05F2-9E04-DD0F-CB82CD9228EF}.Debug|Any CPU.ActiveCfg = Debug|Any CPU
		{25040457-05F2-9E04-DD0F-CB82CD9228EF}.Debug|Any CPU.Build.0 = Debug|Any CPU
		{25040457-05F2-9E04-DD0F-CB82CD9228EF}.Release|Any CPU.ActiveCfg = Release|Any CPU
		{25040457-05F2-9E04-DD0F-CB82CD9228EF}.Release|Any CPU.Build.0 = Release|Any CPU
		{77A906EC-2D44-888A-A8A0-7102EBF55B46}.Debug|Any CPU.ActiveCfg = Debug|Any CPU
		{77A906EC-2D44-888A-A8A0-7102EBF55B46}.Debug|Any CPU.Build.0 = Debug|Any CPU
		{77A906EC-2D44-888A-A8A0-7102EBF55B46}.Release|Any CPU.ActiveCfg = Release|Any CPU
		{77A906EC-2D44-888A-A8A0-7102EBF55B46}.Release|Any CPU.Build.0 = Release|Any CPU
		{09883CC2-8B09-6B7A-33DB-73399B367268}.Debug|Any CPU.ActiveCfg = Debug|Any CPU
		{09883CC2-8B09-6B7A-33DB-73399B367268}.Debug|Any CPU.Build.0 = Debug|Any CPU
		{09883CC2-8B09-6B7A-33DB-73399B367268}.Release|Any CPU.ActiveCfg = Release|Any CPU
		{09883CC2-8B09-6B7A-33DB-73399B367268}.Release|Any CPU.Build.0 = Release|Any CPU
		{39AD0440-C24D-F642-D2FE-2F6114A4185A}.Debug|Any CPU.ActiveCfg = Debug|Any CPU
		{39AD0440-C24D-F642-D2FE-2F6114A4185A}.Debug|Any CPU.Build.0 = Debug|Any CPU
		{39AD0440-C24D-F642-D2FE-2F6114A4185A}.Release|Any CPU.ActiveCfg = Release|Any CPU
		{39AD0440-C24D-F642-D2FE-2F6114A4185A}.Release|Any CPU.Build.0 = Release|Any CPU
		{62CD4FDF-AA29-435C-18F3-6593137AD6C1}.Debug|Any CPU.ActiveCfg = Debug|Any CPU
		{62CD4FDF-AA29-435C-18F3-6593137AD6C1}.Debug|Any CPU.Build.0 = Debug|Any CPU
		{62CD4FDF-AA29-435C-18F3-6593137AD6C1}.Release|Any CPU.ActiveCfg = Release|Any CPU
		{62CD4FDF-AA29-435C-18F3-6593137AD6C1}.Release|Any CPU.Build.0 = Release|Any CPU
		{59E6F8DB-0F72-9476-F565-8DC40FFEBDF7}.Debug|Any CPU.ActiveCfg = Debug|Any CPU
		{59E6F8DB-0F72-9476-F565-8DC40FFEBDF7}.Debug|Any CPU.Build.0 = Debug|Any CPU
		{59E6F8DB-0F72-9476-F565-8DC40FFEBDF7}.Release|Any CPU.ActiveCfg = Release|Any CPU
		{59E6F8DB-0F72-9476-F565-8DC40FFEBDF7}.Release|Any CPU.Build.0 = Release|Any CPU
		{16B3DBC8-6B25-B3BB-2F65-71A8F0A3A357}.Debug|Any CPU.ActiveCfg = Debug|Any CPU
		{16B3DBC8-6B25-B3BB-2F65-71A8F0A3A357}.Debug|Any CPU.Build.0 = Debug|Any CPU
		{16B3DBC8-6B25-B3BB-2F65-71A8F0A3A357}.Release|Any CPU.ActiveCfg = Release|Any CPU
		{16B3DBC8-6B25-B3BB-2F65-71A8F0A3A357}.Release|Any CPU.Build.0 = Release|Any CPU
		{84D397E5-939F-3CCE-BE37-2225EBAD035B}.Debug|Any CPU.ActiveCfg = Debug|Any CPU
		{84D397E5-939F-3CCE-BE37-2225EBAD035B}.Debug|Any CPU.Build.0 = Debug|Any CPU
		{84D397E5-939F-3CCE-BE37-2225EBAD035B}.Release|Any CPU.ActiveCfg = Release|Any CPU
		{84D397E5-939F-3CCE-BE37-2225EBAD035B}.Release|Any CPU.Build.0 = Release|Any CPU
		{82E9B1D1-A0EC-B536-6197-6DDF5B70F055}.Debug|Any CPU.ActiveCfg = Debug|Any CPU
		{82E9B1D1-A0EC-B536-6197-6DDF5B70F055}.Debug|Any CPU.Build.0 = Debug|Any CPU
		{82E9B1D1-A0EC-B536-6197-6DDF5B70F055}.Release|Any CPU.ActiveCfg = Release|Any CPU
		{82E9B1D1-A0EC-B536-6197-6DDF5B70F055}.Release|Any CPU.Build.0 = Release|Any CPU
		{F3913A48-2B95-7FD5-F7A1-9805D7A7DD2D}.Debug|Any CPU.ActiveCfg = Debug|Any CPU
		{F3913A48-2B95-7FD5-F7A1-9805D7A7DD2D}.Debug|Any CPU.Build.0 = Debug|Any CPU
		{F3913A48-2B95-7FD5-F7A1-9805D7A7DD2D}.Release|Any CPU.ActiveCfg = Release|Any CPU
		{F3913A48-2B95-7FD5-F7A1-9805D7A7DD2D}.Release|Any CPU.Build.0 = Release|Any CPU
		{AFFB1220-396D-9B87-8716-D783593C6E99}.Debug|Any CPU.ActiveCfg = Debug|Any CPU
		{AFFB1220-396D-9B87-8716-D783593C6E99}.Debug|Any CPU.Build.0 = Debug|Any CPU
		{AFFB1220-396D-9B87-8716-D783593C6E99}.Release|Any CPU.ActiveCfg = Release|Any CPU
		{AFFB1220-396D-9B87-8716-D783593C6E99}.Release|Any CPU.Build.0 = Release|Any CPU
		{C53B4306-2184-E5F6-5445-81F0505AA791}.Debug|Any CPU.ActiveCfg = Debug|Any CPU
		{C53B4306-2184-E5F6-5445-81F0505AA791}.Debug|Any CPU.Build.0 = Debug|Any CPU
		{C53B4306-2184-E5F6-5445-81F0505AA791}.Release|Any CPU.ActiveCfg = Release|Any CPU
		{C53B4306-2184-E5F6-5445-81F0505AA791}.Release|Any CPU.Build.0 = Release|Any CPU
		{1B7C3134-D82E-BA20-D6FB-B075A8E10824}.Debug|Any CPU.ActiveCfg = Debug|Any CPU
		{1B7C3134-D82E-BA20-D6FB-B075A8E10824}.Debug|Any CPU.Build.0 = Debug|Any CPU
		{1B7C3134-D82E-BA20-D6FB-B075A8E10824}.Release|Any CPU.ActiveCfg = Release|Any CPU
		{1B7C3134-D82E-BA20-D6FB-B075A8E10824}.Release|Any CPU.Build.0 = Release|Any CPU
		{40934912-FD0C-6453-7574-DA82C5B9A5AA}.Debug|Any CPU.ActiveCfg = Debug|Any CPU
		{40934912-FD0C-6453-7574-DA82C5B9A5AA}.Debug|Any CPU.Build.0 = Debug|Any CPU
		{40934912-FD0C-6453-7574-DA82C5B9A5AA}.Release|Any CPU.ActiveCfg = Release|Any CPU
		{40934912-FD0C-6453-7574-DA82C5B9A5AA}.Release|Any CPU.Build.0 = Release|Any CPU
		{B2CDCAD9-13CC-6BB6-8E0F-EBF7DA3C3182}.Debug|Any CPU.ActiveCfg = Debug|Any CPU
		{B2CDCAD9-13CC-6BB6-8E0F-EBF7DA3C3182}.Debug|Any CPU.Build.0 = Debug|Any CPU
		{B2CDCAD9-13CC-6BB6-8E0F-EBF7DA3C3182}.Release|Any CPU.ActiveCfg = Release|Any CPU
		{B2CDCAD9-13CC-6BB6-8E0F-EBF7DA3C3182}.Release|Any CPU.Build.0 = Release|Any CPU
	EndGlobalSection
	GlobalSection(SolutionProperties) = preSolution
		HideSolutionNode = FALSE
	EndGlobalSection
EndGlobal
